{
  "name": "todo-app",
  "lockfileVersion": 3,
  "requires": true,
  "packages": {
    "": {
      "dependencies": {
        "react-indiana-drag-scroll": "^2.2.1"
      }
    },
    "node_modules/classnames": {
      "version": "2.5.1",
      "resolved": "https://registry.npmjs.org/classnames/-/classnames-2.5.1.tgz",
      "integrity": "sha512-saHYOzhIQs6wy2sVxTM6bUDsQO4F50V9RQ22qBpEdCW+I+/Wmke2HOl6lS6dTpdxVhb88/I6+Hs+438c3lfUow=="
    },
    "node_modules/debounce": {
      "version": "1.2.1",
      "resolved": "https://registry.npmjs.org/debounce/-/debounce-1.2.1.tgz",
      "integrity": "sha512-XRRe6Glud4rd/ZGQfiV1ruXSfbvfJedlV9Y6zOlP+2K04vBYiJEte6stfFkCP03aMnY5tsipamumUjL14fofug=="
    },
    "node_modules/easy-bem": {
      "version": "1.1.1",
      "resolved": "https://registry.npmjs.org/easy-bem/-/easy-bem-1.1.1.tgz",
      "integrity": "sha512-GJRqdiy2h+EXy6a8E6R+ubmqUM08BK0FWNq41k24fup6045biQ8NXxoXimiwegMQvFFV3t1emADdGNL1TlS61A=="
    },
    "node_modules/react": {
      "version": "19.1.0",
      "resolved": "https://registry.npmjs.org/react/-/react-19.1.0.tgz",
      "integrity": "sha512-FS+XFBNvn3GTAWq26joslQgWNoFu08F4kl0J4CgdNKADkdSGXQyTCnKteIAJy96Br6YbpEU1LSzV5dYtjMkMDg==",
      "peer": true,
      "engines": {
        "node": ">=0.10.0"
      }
    },
    "node_modules/react-dom": {
      "version": "19.1.0",
      "resolved": "https://registry.npmjs.org/react-dom/-/react-dom-19.1.0.tgz",
      "integrity": "sha512-Xs1hdnE+DyKgeHJeJznQmYMIBG3TKIHJJT95Q58nHLSrElKlGQqDTR2HQ9fx5CN/Gk6Vh/kupBTDLU11/nDk/g==",
      "peer": true,
      "dependencies": {
        "scheduler": "^0.26.0"
      },
      "peerDependencies": {
        "react": "^19.1.0"
      }
    },
    "node_modules/react-indiana-drag-scroll": {
      "version": "2.2.1",
      "resolved": "https://registry.npmjs.org/react-indiana-drag-scroll/-/react-indiana-drag-scroll-2.2.1.tgz",
      "integrity": "sha512-aGNJt7fxWzZGVkd0xRF+fPDt5RFuYouQffwOFx3m+CiOlvLZDQtV+4NyPnJqXCRlfbbwP26LI4LclNymTOgDiQ==",
      "dependencies": {
        "classnames": "^2.2.6",
        "debounce": "^1.2.0",
        "easy-bem": "^1.1.1"
      },
      "engines": {
        "node": ">=8",
        "npm": ">=5"
      },
      "peerDependencies": {
        "react": "^15.0.0 || ^16.0.0 || ^17.0.0 || ^18.0.0 || ^19.0.0",
        "react-dom": "^15.0.0 || ^16.0.0 || ^17.0.0 || ^18.0.0 || ^19.0.0"
      }
    },
    "node_modules/scheduler": {
      "version": "0.26.0",
      "resolved": "https://registry.npmjs.org/scheduler/-/scheduler-0.26.0.tgz",
      "integrity": "sha512-NlHwttCI/l5gCPR3D1nNXtWABUmBwvZpEQiD4IXSbIDq8BzLIK/7Ir5gTFSGZDUu37K5cMNp0hFtzO38sC7gWA==",
      "peer": true
    }
  }
}
